
Microsoft Visual Studio Solution File, Format Version 12.00
# Visual Studio 2012
Project("{FAE04EC0-301F-11D3-BF4B-00C04F79EFBC}") = "XSceneryManager", "XSceneryManager\XSceneryManager.csproj", "{E8881BA8-0950-413D-8A0D-14119736DDBC}"
EndProject
Global
	GlobalSection(TeamFoundationVersionControl) = preSolution
		SccNumberOfProjects = 2
		SccEnterpriseProvider = {4CA58AB2-18FA-4F8D-95D4-32DDF27D184C}
		SccTeamFoundationServer = https://ace.visualstudio.com/defaultcollection
		SccLocalPath0 = .
		SccProjectUniqueName1 = XSceneryManager\\XSceneryManager.csproj
		SccProjectName1 = XSceneryManager
		SccLocalPath1 = XSceneryManager
	EndGlobalSection
	GlobalSection(SolutionConfigurationPlatforms) = preSolution
		CD_ROM|Any CPU = CD_ROM|Any CPU
		CD_ROM|x86 = CD_ROM|x86
		Debug|Any CPU = Debug|Any CPU
		Debug|x86 = Debug|x86
		DVD-5|Any CPU = DVD-5|Any CPU
		DVD-5|x86 = DVD-5|x86
		Release|Any CPU = Release|Any CPU
		Release|x86 = Release|x86
		SingleImage|Any CPU = SingleImage|Any CPU
		SingleImage|x86 = SingleImage|x86
	EndGlobalSection
	GlobalSection(ProjectConfigurationPlatforms) = postSolution
		{E8881BA8-0950-413D-8A0D-14119736DDBC}.CD_ROM|Any CPU.ActiveCfg = Release|Any CPU
		{E8881BA8-0950-413D-8A0D-14119736DDBC}.CD_ROM|Any CPU.Build.0 = Release|Any CPU
		{E8881BA8-0950-413D-8A0D-14119736DDBC}.CD_ROM|x86.ActiveCfg = Release|x86
		{E8881BA8-0950-413D-8A0D-14119736DDBC}.CD_ROM|x86.Build.0 = Release|x86
		{E8881BA8-0950-413D-8A0D-14119736DDBC}.Debug|Any CPU.ActiveCfg = Debug|Any CPU
		{E8881BA8-0950-413D-8A0D-14119736DDBC}.Debug|Any CPU.Build.0 = Debug|Any CPU
		{E8881BA8-0950-413D-8A0D-14119736DDBC}.Debug|x86.ActiveCfg = Debug|x86
		{E8881BA8-0950-413D-8A0D-14119736DDBC}.Debug|x86.Build.0 = Debug|x86
		{E8881BA8-0950-413D-8A0D-14119736DDBC}.DVD-5|Any CPU.ActiveCfg = Debug|Any CPU
		{E8881BA8-0950-413D-8A0D-14119736DDBC}.DVD-5|Any CPU.Build.0 = Debug|Any CPU
		{E8881BA8-0950-413D-8A0D-14119736DDBC}.DVD-5|x86.ActiveCfg = Debug|x86
		{E8881BA8-0950-413D-8A0D-14119736DDBC}.DVD-5|x86.Build.0 = Debug|x86
		{E8881BA8-0950-413D-8A0D-14119736DDBC}.Release|Any CPU.ActiveCfg = Release|x86
		{E8881BA8-0950-413D-8A0D-14119736DDBC}.Release|Any CPU.Build.0 = Release|x86
		{E8881BA8-0950-413D-8A0D-14119736DDBC}.Release|x86.ActiveCfg = Release|x86
		{E8881BA8-0950-413D-8A0D-14119736DDBC}.Release|x86.Build.0 = Release|x86
		{E8881BA8-0950-413D-8A0D-14119736DDBC}.SingleImage|Any CPU.ActiveCfg = Release|Any CPU
		{E8881BA8-0950-413D-8A0D-14119736DDBC}.SingleImage|Any CPU.Build.0 = Release|Any CPU
		{E8881BA8-0950-413D-8A0D-14119736DDBC}.SingleImage|x86.ActiveCfg = Release|x86
		{E8881BA8-0950-413D-8A0D-14119736DDBC}.SingleImage|x86.Build.0 = Release|x86
	EndGlobalSection
	GlobalSection(SolutionProperties) = preSolution
		HideSolutionNode = FALSE
	EndGlobalSection
EndGlobal
